
Microsoft Visual Studio Solution File, Format Version 12.00
# Visual Studio Version 16
VisualStudioVersion = 16.0.29519.181
MinimumVisualStudioVersion = 10.0.40219.1
Project("{FAE04EC0-301F-11D3-BF4B-00C04F79EFBC}") = "4) Lists", "4) Lists.csproj", "{1CED41FE-3146-4D49-8E4E-55B35F9D4915}"
EndProject
Global
	GlobalSection(SolutionConfigurationPlatforms) = preSolution
		Debug|Any CPU = Debug|Any CPU
		Release|Any CPU = Release|Any CPU
	EndGlobalSection
	GlobalSection(ProjectConfigurationPlatforms) = postSolution
		{1CED41FE-3146-4D49-8E4E-55B35F9D4915}.Debug|Any CPU.ActiveCfg = Debug|Any CPU
		{1CED41FE-3146-4D49-8E4E-55B35F9D4915}.Debug|Any CPU.Build.0 = Debug|Any CPU
		{1CED41FE-3146-4D49-8E4E-55B35F9D4915}.Release|Any CPU.ActiveCfg = Release|Any CPU
		{1CED41FE-3146-4D49-8E4E-55B35F9D4915}.Release|Any CPU.Build.0 = Release|Any CPU
	EndGlobalSection
	GlobalSection(SolutionProperties) = preSolution
		HideSolutionNode = FALSE
	EndGlobalSection
	GlobalSection(ExtensibilityGlobals) = postSolution
		SolutionGuid = {C9B4E3FF-A5A3-4451-9C34-EF444BB355AA}
	EndGlobalSection
EndGlobal
